# This file is automatically @generated by Poetry 1.5.4 and should not be changed by hand.

[[package]]
name = "scripts"
version = "3.0"
description = "Various linux scripts"
optional = false
python-versions = ">=3.8"
files = [
    {file = "scripts-3.0-py3-none-any.whl", hash = "sha256:ca16a259c79c6bfc9a0431dfdffa6c4001262db2011700ebecf10254e43c6ab7"},
    {file = "scripts-3.0.tar.gz", hash = "sha256:dbdba267cf9e4b336d3cac2eb862244abb2166c01cc95db704bd26e2ce8a75d3"},
]

[package.dependencies]
stua = "*"

[[package]]
name = "stua"
version = "0.3"
description = "Collection of generic python functions and classes."
optional = false
python-versions = ">=3.6"
files = [
    {file = "stua-0.3-py3-none-any.whl", hash = "sha256:a37ad62d45543744d69266c68030d55e05d97a35c7d707ffe11df676d315f227"},
    {file = "stua-0.3.tar.gz", hash = "sha256:9cfa1d9aacb5799d28cef0b72bcc3dff22a93161126cf613637a269c33dc796a"},
]

[metadata]
lock-version = "2.0"
python-versions = ">=3.10.0,<3.12"
content-hash = "29a651c1b1c5d198641dc8c8352eb3e235aba284201b176b1dadcfebec442a8f"
